{
  "name": "node_sharkd",
  "version": "1.0.0",
  "lockfileVersion": 1,
  "requires": true,
  "dependencies": {
    "promise-duplex": {
      "version": "4.0.2",
      "resolved": "https://registry.npmjs.org/promise-duplex/-/promise-duplex-4.0.2.tgz",
      "integrity": "sha512-1m7sr25YMRi2pAYGC5E/QrNB2ilGXlgSYnOxpg0WFykLZwrdAEhSrH1fnubEuuobq7O0fIN3JXbfmz2qWBzU6w==",
      "requires": {
        "promise-readable": "^4.2.0",
        "promise-writable": "^4.1.0"
      }
    },
    "promise-readable": {
      "version": "4.2.0",
      "resolved": "https://registry.npmjs.org/promise-readable/-/promise-readable-4.2.0.tgz",
      "integrity": "sha512-qbDe9OlEiUqYJWgDBNiVNJQYbXsDlWLMfsx7G1Z7CFo0cM5/Rwse1kU74J3Vhz0j3r9w9yWvhQFJ63h1s7//PA=="
    },
    "promise-socket": {
      "version": "4.0.0",
      "resolved": "https://registry.npmjs.org/promise-socket/-/promise-socket-4.0.0.tgz",
      "integrity": "sha512-4x/9SurqO72Fi63zpe+i+jCNJEe/Xwi3W/qe9cNB+NY9UceIr3UNyCaRsSKxjjPVwaZTUJcMxyz2EkmfFvSzhQ==",
      "requires": {
        "promise-duplex": "^4.0.2",
        "tslib": "^1.9.3"
      }
    },
    "promise-writable": {
      "version": "4.1.0",
      "resolved": "https://registry.npmjs.org/promise-writable/-/promise-writable-4.1.0.tgz",
      "integrity": "sha512-07eFptjVm0jztVm2lh/AfVzAMYN0C8wQ9rAT9L47rtckP0Ut/db8pWGkZX9W2GGtNxj7H5g+MlDcLAowuWsrpg=="
    },
    "tslib": {
      "version": "1.9.3",
      "resolved": "https://registry.npmjs.org/tslib/-/tslib-1.9.3.tgz",
      "integrity": "sha512-4krF8scpejhaOgqzBEcGM7yDIEfi0/8+8zDRZhNZZ2kjmHJ4hv3zCbQWxoJGz1iw5U0Jl0nma13xzHXcncMavQ=="
    }
  }
}
